<?xml version="1.0" encoding="utf-8"?>
<Project ToolsVersion="4.0" xmlns="http://schemas.microsoft.com/developer/msbuild/2003">
  <ItemGroup>
    <Filter Include="Classes">
      <UniqueIdentifier>{343dce1a-21c9-496d-9a62-e363f16a0738}</UniqueIdentifier>
    </Filter>
  </ItemGroup>
  <ItemGroup>
    <None Include="ReadMe.txt" />
  </ItemGroup>
  <ItemGroup>
    <ClCompile Include="Classes\stdafx.cpp">
      <Filter>Classes</Filter>
    </ClCompile>
    <ClCompile Include="Classes\TestRTTI.cpp">
      <Filter>Classes</Filter>
    </ClCompile>
  </ItemGroup>
  <ItemGroup>
    <ClInclude Include="Classes\stdafx.h">
      <Filter>Classes</Filter>
    </ClInclude>
    <ClInclude Include="Classes\targetver.h">
      <Filter>Classes</Filter>
    </ClInclude>
  </ItemGroup>
</Project>