
Microsoft Visual Studio Solution File, Format Version 12.00
# Visual Studio 2013
VisualStudioVersion = 12.0.21005.1
MinimumVisualStudioVersion = 10.0.40219.1
Project("{8BC9CEB8-8B4A-11D0-8D11-00A0C91BC942}") = "HelloWorld", "HelloWorld\HelloWorld.vcxproj", "{F9E81CE1-0E8B-4F95-AAA7-BCE127C4D17A}"
EndProject
Project("{8BC9CEB8-8B4A-11D0-8D11-00A0C91BC942}") = "TestCallback", "TestCallback\TestCallback.vcxproj", "{F0C496A5-8149-49D2-8B09-10686889BD45}"
EndProject
Project("{8BC9CEB8-8B4A-11D0-8D11-00A0C91BC942}") = "TestVirtualMethod", "TestVirtual\TestVirtual.vcxproj", "{88DCA1F5-D339-4D7E-BECA-B7011BAD18EB}"
EndProject
Project("{8BC9CEB8-8B4A-11D0-8D11-00A0C91BC942}") = "FileOperation", "FileOperation\FileOperation.vcxproj", "{DC17D4EA-B1D2-4A16-92D2-7408ADDAE365}"
EndProject
Project("{8BC9CEB8-8B4A-11D0-8D11-00A0C91BC942}") = "TestConstruct", "TestConstruct\TestConstruct.vcxproj", "{54C84EDA-034A-48A3-96C2-B48FAA8C2867}"
EndProject
Project("{8BC9CEB8-8B4A-11D0-8D11-00A0C91BC942}") = "TestThisPoint", "TestThisPoint\TestThisPoint.vcxproj", "{62A08021-E953-47C8-9265-5E6B8A849D06}"
EndProject
Project("{8BC9CEB8-8B4A-11D0-8D11-00A0C91BC942}") = "TestString", "TestString\TestString.vcxproj", "{D21ED8B1-C6A4-4C5F-8690-9992AB72F4D8}"
EndProject
Project("{8BC9CEB8-8B4A-11D0-8D11-00A0C91BC942}") = "TestConst", "TestConst\TestConst.vcxproj", "{3A333D7E-E0B9-4487-826A-45CDC6CCA1A4}"
EndProject
Project("{8BC9CEB8-8B4A-11D0-8D11-00A0C91BC942}") = "TestVector", "TestVector\TestVector.vcxproj", "{A1935E25-CA46-40AD-A566-8B079AE73F05}"
EndProject
Project("{8BC9CEB8-8B4A-11D0-8D11-00A0C91BC942}") = "TestCopyAssign", "TestCopyAssign\TestCopyAssign.vcxproj", "{84018307-2776-43F8-8225-FB30631D595D}"
EndProject
Project("{8BC9CEB8-8B4A-11D0-8D11-00A0C91BC942}") = "TestRTTI", "TestRTTI\TestRTTI.vcxproj", "{E644BF79-905B-475C-8606-8938B36CAA25}"
EndProject
Project("{8BC9CEB8-8B4A-11D0-8D11-00A0C91BC942}") = "TestException", "TestException\TestException.vcxproj", "{746006C7-2AEC-4D51-87A8-77DA6189048F}"
EndProject
Project("{8BC9CEB8-8B4A-11D0-8D11-00A0C91BC942}") = "TestVirtualClass", "TestVirtualClass\TestVirtualClass.vcxproj", "{968F4EBB-F02F-4C72-BA1C-379568D84CB6}"
EndProject
Project("{8BC9CEB8-8B4A-11D0-8D11-00A0C91BC942}") = "TestStatic", "TestStatic\TestStatic.vcxproj", "{057D04B2-1E5E-4C2D-A235-BB98BCCE2FBA}"
EndProject
Project("{8BC9CEB8-8B4A-11D0-8D11-00A0C91BC942}") = "TestFunction", "TestFunction\TestFunction.vcxproj", "{098C2C8F-7092-4E56-83CD-B41BEB9EFB06}"
EndProject
Global
	GlobalSection(SolutionConfigurationPlatforms) = preSolution
		Debug|Win32 = Debug|Win32
		Release|Win32 = Release|Win32
	EndGlobalSection
	GlobalSection(ProjectConfigurationPlatforms) = postSolution
		{F9E81CE1-0E8B-4F95-AAA7-BCE127C4D17A}.Debug|Win32.ActiveCfg = Debug|Win32
		{F9E81CE1-0E8B-4F95-AAA7-BCE127C4D17A}.Debug|Win32.Build.0 = Debug|Win32
		{F9E81CE1-0E8B-4F95-AAA7-BCE127C4D17A}.Release|Win32.ActiveCfg = Release|Win32
		{F9E81CE1-0E8B-4F95-AAA7-BCE127C4D17A}.Release|Win32.Build.0 = Release|Win32
		{F0C496A5-8149-49D2-8B09-10686889BD45}.Debug|Win32.ActiveCfg = Debug|Win32
		{F0C496A5-8149-49D2-8B09-10686889BD45}.Debug|Win32.Build.0 = Debug|Win32
		{F0C496A5-8149-49D2-8B09-10686889BD45}.Release|Win32.ActiveCfg = Release|Win32
		{F0C496A5-8149-49D2-8B09-10686889BD45}.Release|Win32.Build.0 = Release|Win32
		{88DCA1F5-D339-4D7E-BECA-B7011BAD18EB}.Debug|Win32.ActiveCfg = Debug|Win32
		{88DCA1F5-D339-4D7E-BECA-B7011BAD18EB}.Debug|Win32.Build.0 = Debug|Win32
		{88DCA1F5-D339-4D7E-BECA-B7011BAD18EB}.Release|Win32.ActiveCfg = Release|Win32
		{88DCA1F5-D339-4D7E-BECA-B7011BAD18EB}.Release|Win32.Build.0 = Release|Win32
		{DC17D4EA-B1D2-4A16-92D2-7408ADDAE365}.Debug|Win32.ActiveCfg = Debug|Win32
		{DC17D4EA-B1D2-4A16-92D2-7408ADDAE365}.Debug|Win32.Build.0 = Debug|Win32
		{DC17D4EA-B1D2-4A16-92D2-7408ADDAE365}.Release|Win32.ActiveCfg = Release|Win32
		{DC17D4EA-B1D2-4A16-92D2-7408ADDAE365}.Release|Win32.Build.0 = Release|Win32
		{54C84EDA-034A-48A3-96C2-B48FAA8C2867}.Debug|Win32.ActiveCfg = Debug|Win32
		{54C84EDA-034A-48A3-96C2-B48FAA8C2867}.Debug|Win32.Build.0 = Debug|Win32
		{54C84EDA-034A-48A3-96C2-B48FAA8C2867}.Release|Win32.ActiveCfg = Release|Win32
		{54C84EDA-034A-48A3-96C2-B48FAA8C2867}.Release|Win32.Build.0 = Release|Win32
		{62A08021-E953-47C8-9265-5E6B8A849D06}.Debug|Win32.ActiveCfg = Debug|Win32
		{62A08021-E953-47C8-9265-5E6B8A849D06}.Debug|Win32.Build.0 = Debug|Win32
		{62A08021-E953-47C8-9265-5E6B8A849D06}.Release|Win32.ActiveCfg = Release|Win32
		{62A08021-E953-47C8-9265-5E6B8A849D06}.Release|Win32.Build.0 = Release|Win32
		{D21ED8B1-C6A4-4C5F-8690-9992AB72F4D8}.Debug|Win32.ActiveCfg = Debug|Win32
		{D21ED8B1-C6A4-4C5F-8690-9992AB72F4D8}.Debug|Win32.Build.0 = Debug|Win32
		{D21ED8B1-C6A4-4C5F-8690-9992AB72F4D8}.Release|Win32.ActiveCfg = Release|Win32
		{D21ED8B1-C6A4-4C5F-8690-9992AB72F4D8}.Release|Win32.Build.0 = Release|Win32
		{3A333D7E-E0B9-4487-826A-45CDC6CCA1A4}.Debug|Win32.ActiveCfg = Debug|Win32
		{3A333D7E-E0B9-4487-826A-45CDC6CCA1A4}.Debug|Win32.Build.0 = Debug|Win32
		{3A333D7E-E0B9-4487-826A-45CDC6CCA1A4}.Release|Win32.ActiveCfg = Release|Win32
		{3A333D7E-E0B9-4487-826A-45CDC6CCA1A4}.Release|Win32.Build.0 = Release|Win32
		{A1935E25-CA46-40AD-A566-8B079AE73F05}.Debug|Win32.ActiveCfg = Debug|Win32
		{A1935E25-CA46-40AD-A566-8B079AE73F05}.Debug|Win32.Build.0 = Debug|Win32
		{A1935E25-CA46-40AD-A566-8B079AE73F05}.Release|Win32.ActiveCfg = Release|Win32
		{A1935E25-CA46-40AD-A566-8B079AE73F05}.Release|Win32.Build.0 = Release|Win32
		{84018307-2776-43F8-8225-FB30631D595D}.Debug|Win32.ActiveCfg = Debug|Win32
		{84018307-2776-43F8-8225-FB30631D595D}.Debug|Win32.Build.0 = Debug|Win32
		{84018307-2776-43F8-8225-FB30631D595D}.Release|Win32.ActiveCfg = Release|Win32
		{84018307-2776-43F8-8225-FB30631D595D}.Release|Win32.Build.0 = Release|Win32
		{E644BF79-905B-475C-8606-8938B36CAA25}.Debug|Win32.ActiveCfg = Debug|Win32
		{E644BF79-905B-475C-8606-8938B36CAA25}.Debug|Win32.Build.0 = Debug|Win32
		{E644BF79-905B-475C-8606-8938B36CAA25}.Release|Win32.ActiveCfg = Release|Win32
		{E644BF79-905B-475C-8606-8938B36CAA25}.Release|Win32.Build.0 = Release|Win32
		{746006C7-2AEC-4D51-87A8-77DA6189048F}.Debug|Win32.ActiveCfg = Debug|Win32
		{746006C7-2AEC-4D51-87A8-77DA6189048F}.Debug|Win32.Build.0 = Debug|Win32
		{746006C7-2AEC-4D51-87A8-77DA6189048F}.Release|Win32.ActiveCfg = Release|Win32
		{746006C7-2AEC-4D51-87A8-77DA6189048F}.Release|Win32.Build.0 = Release|Win32
		{968F4EBB-F02F-4C72-BA1C-379568D84CB6}.Debug|Win32.ActiveCfg = Debug|Win32
		{968F4EBB-F02F-4C72-BA1C-379568D84CB6}.Debug|Win32.Build.0 = Debug|Win32
		{968F4EBB-F02F-4C72-BA1C-379568D84CB6}.Release|Win32.ActiveCfg = Release|Win32
		{968F4EBB-F02F-4C72-BA1C-379568D84CB6}.Release|Win32.Build.0 = Release|Win32
		{057D04B2-1E5E-4C2D-A235-BB98BCCE2FBA}.Debug|Win32.ActiveCfg = Debug|Win32
		{057D04B2-1E5E-4C2D-A235-BB98BCCE2FBA}.Debug|Win32.Build.0 = Debug|Win32
		{057D04B2-1E5E-4C2D-A235-BB98BCCE2FBA}.Release|Win32.ActiveCfg = Release|Win32
		{057D04B2-1E5E-4C2D-A235-BB98BCCE2FBA}.Release|Win32.Build.0 = Release|Win32
		{098C2C8F-7092-4E56-83CD-B41BEB9EFB06}.Debug|Win32.ActiveCfg = Debug|Win32
		{098C2C8F-7092-4E56-83CD-B41BEB9EFB06}.Debug|Win32.Build.0 = Debug|Win32
		{098C2C8F-7092-4E56-83CD-B41BEB9EFB06}.Release|Win32.ActiveCfg = Release|Win32
		{098C2C8F-7092-4E56-83CD-B41BEB9EFB06}.Release|Win32.Build.0 = Release|Win32
	EndGlobalSection
	GlobalSection(SolutionProperties) = preSolution
		HideSolutionNode = FALSE
	EndGlobalSection
EndGlobal
